
Microsoft Visual Studio Solution File, Format Version 12.00
# Visual Studio Version 17
VisualStudioVersion = 17.2.32616.157
MinimumVisualStudioVersion = 10.0.40219.1
Project("{FAE04EC0-301F-11D3-BF4B-00C04F79EFBC}") = "FinalPro1", "FinalPro1\FinalPro1.csproj", "{E82614DF-76C3-4CFB-8C23-65A8D6C0592D}"
EndProject
Global
	GlobalSection(SolutionConfigurationPlatforms) = preSolution
		Debug|Any CPU = Debug|Any CPU
		Release|Any CPU = Release|Any CPU
	EndGlobalSection
	GlobalSection(ProjectConfigurationPlatforms) = postSolution
		{E82614DF-76C3-4CFB-8C23-65A8D6C0592D}.Debug|Any CPU.ActiveCfg = Debug|Any CPU
		{E82614DF-76C3-4CFB-8C23-65A8D6C0592D}.Debug|Any CPU.Build.0 = Debug|Any CPU
		{E82614DF-76C3-4CFB-8C23-65A8D6C0592D}.Release|Any CPU.ActiveCfg = Release|Any CPU
		{E82614DF-76C3-4CFB-8C23-65A8D6C0592D}.Release|Any CPU.Build.0 = Release|Any CPU
	EndGlobalSection
	GlobalSection(SolutionProperties) = preSolution
		HideSolutionNode = FALSE
	EndGlobalSection
	GlobalSection(ExtensibilityGlobals) = postSolution
		SolutionGuid = {A3CAD7B9-0175-40C3-9BC7-C39A89516811}
	EndGlobalSection
EndGlobal
